
Microsoft Visual Studio Solution File, Format Version 12.00
# Visual Studio Version 17
VisualStudioVersion = 17.11.35303.130
MinimumVisualStudioVersion = 10.0.40219.1
Project("{FAE04EC0-301F-11D3-BF4B-00C04F79EFBC}") = "Bai05", "Bai05.csproj", "{2850355B-FF1F-4906-8CA1-6671FDEED78F}"
EndProject
Global
	GlobalSection(SolutionConfigurationPlatforms) = preSolution
		Debug|Any CPU = Debug|Any CPU
		Release|Any CPU = Release|Any CPU
	EndGlobalSection
	GlobalSection(ProjectConfigurationPlatforms) = postSolution
		{2850355B-FF1F-4906-8CA1-6671FDEED78F}.Debug|Any CPU.ActiveCfg = Debug|Any CPU
		{2850355B-FF1F-4906-8CA1-6671FDEED78F}.Debug|Any CPU.Build.0 = Debug|Any CPU
		{2850355B-FF1F-4906-8CA1-6671FDEED78F}.Release|Any CPU.ActiveCfg = Release|Any CPU
		{2850355B-FF1F-4906-8CA1-6671FDEED78F}.Release|Any CPU.Build.0 = Release|Any CPU
	EndGlobalSection
	GlobalSection(SolutionProperties) = preSolution
		HideSolutionNode = FALSE
	EndGlobalSection
	GlobalSection(ExtensibilityGlobals) = postSolution
		SolutionGuid = {C32E2672-256A-46DE-B5F3-B21D75A65FD1}
	EndGlobalSection
EndGlobal
