
Microsoft Visual Studio Solution File, Format Version 12.00
# Visual Studio Version 17
VisualStudioVersion = 17.11.35303.130
MinimumVisualStudioVersion = 10.0.40219.1
Project("{FAE04EC0-301F-11D3-BF4B-00C04F79EFBC}") = "Bai08", "Bai08.csproj", "{1D29AE9D-F6BE-49FA-8866-560726400C58}"
EndProject
Global
	GlobalSection(SolutionConfigurationPlatforms) = preSolution
		Debug|Any CPU = Debug|Any CPU
		Release|Any CPU = Release|Any CPU
	EndGlobalSection
	GlobalSection(ProjectConfigurationPlatforms) = postSolution
		{1D29AE9D-F6BE-49FA-8866-560726400C58}.Debug|Any CPU.ActiveCfg = Debug|Any CPU
		{1D29AE9D-F6BE-49FA-8866-560726400C58}.Debug|Any CPU.Build.0 = Debug|Any CPU
		{1D29AE9D-F6BE-49FA-8866-560726400C58}.Release|Any CPU.ActiveCfg = Release|Any CPU
		{1D29AE9D-F6BE-49FA-8866-560726400C58}.Release|Any CPU.Build.0 = Release|Any CPU
	EndGlobalSection
	GlobalSection(SolutionProperties) = preSolution
		HideSolutionNode = FALSE
	EndGlobalSection
	GlobalSection(ExtensibilityGlobals) = postSolution
		SolutionGuid = {94538CC2-845E-4338-9C17-BCCC00824D4D}
	EndGlobalSection
EndGlobal
